
Microsoft Visual Studio Solution File, Format Version 12.00
# Visual Studio Version 16
VisualStudioVersion = 16.0.29911.84
MinimumVisualStudioVersion = 10.0.40219.1
Project("{FAE04EC0-301F-11D3-BF4B-00C04F79EFBC}") = "KleurenMixer.Wpf", "KleurenMixer.Wpf\KleurenMixer.Wpf.csproj", "{BBEFB00C-8648-4A5D-813D-50541C20BF1A}"
EndProject
Project("{FAE04EC0-301F-11D3-BF4B-00C04F79EFBC}") = "Kleuren.Lib", "Kleuren.Lib\Kleuren.Lib.csproj", "{655C8418-AC55-4C65-8263-58C89496A5ED}"
EndProject
Global
	GlobalSection(SolutionConfigurationPlatforms) = preSolution
		Debug|Any CPU = Debug|Any CPU
		Release|Any CPU = Release|Any CPU
	EndGlobalSection
	GlobalSection(ProjectConfigurationPlatforms) = postSolution
		{BBEFB00C-8648-4A5D-813D-50541C20BF1A}.Debug|Any CPU.ActiveCfg = Debug|Any CPU
		{BBEFB00C-8648-4A5D-813D-50541C20BF1A}.Debug|Any CPU.Build.0 = Debug|Any CPU
		{BBEFB00C-8648-4A5D-813D-50541C20BF1A}.Release|Any CPU.ActiveCfg = Release|Any CPU
		{BBEFB00C-8648-4A5D-813D-50541C20BF1A}.Release|Any CPU.Build.0 = Release|Any CPU
		{655C8418-AC55-4C65-8263-58C89496A5ED}.Debug|Any CPU.ActiveCfg = Debug|Any CPU
		{655C8418-AC55-4C65-8263-58C89496A5ED}.Debug|Any CPU.Build.0 = Debug|Any CPU
		{655C8418-AC55-4C65-8263-58C89496A5ED}.Release|Any CPU.ActiveCfg = Release|Any CPU
		{655C8418-AC55-4C65-8263-58C89496A5ED}.Release|Any CPU.Build.0 = Release|Any CPU
	EndGlobalSection
	GlobalSection(SolutionProperties) = preSolution
		HideSolutionNode = FALSE
	EndGlobalSection
	GlobalSection(ExtensibilityGlobals) = postSolution
		SolutionGuid = {FB6F73DA-E670-4AA1-A615-51A22E13E298}
	EndGlobalSection
EndGlobal
